
Microsoft Visual Studio Solution File, Format Version 12.00
# Visual Studio Version 17
VisualStudioVersion = 17.4.33213.308
MinimumVisualStudioVersion = 10.0.40219.1
Project("{FAE04EC0-301F-11D3-BF4B-00C04F79EFBC}") = "LibrarianWorkplace", "LibrarianWorkplace\LibrarianWorkplace.csproj", "{B555FCEE-E8AD-432F-89F8-3C876914FAE3}"
EndProject
Global
	GlobalSection(SolutionConfigurationPlatforms) = preSolution
		Debug|Any CPU = Debug|Any CPU
		Release|Any CPU = Release|Any CPU
	EndGlobalSection
	GlobalSection(ProjectConfigurationPlatforms) = postSolution
		{B555FCEE-E8AD-432F-89F8-3C876914FAE3}.Debug|Any CPU.ActiveCfg = Debug|Any CPU
		{B555FCEE-E8AD-432F-89F8-3C876914FAE3}.Debug|Any CPU.Build.0 = Debug|Any CPU
		{B555FCEE-E8AD-432F-89F8-3C876914FAE3}.Release|Any CPU.ActiveCfg = Release|Any CPU
		{B555FCEE-E8AD-432F-89F8-3C876914FAE3}.Release|Any CPU.Build.0 = Release|Any CPU
	EndGlobalSection
	GlobalSection(SolutionProperties) = preSolution
		HideSolutionNode = FALSE
	EndGlobalSection
	GlobalSection(ExtensibilityGlobals) = postSolution
		SolutionGuid = {F19A81D5-F532-4317-B12B-FBF443A027EA}
	EndGlobalSection
EndGlobal
